
Microsoft Visual Studio Solution File, Format Version 12.00
# Visual Studio Version 17
VisualStudioVersion = 17.13.35931.197 d17.13
MinimumVisualStudioVersion = 10.0.40219.1
Project("{FAE04EC0-301F-11D3-BF4B-00C04F79EFBC}") = "NotesApp", "NotesApp\NotesApp.csproj", "{908CE310-266C-40FA-B251-BF9DC8E09761}"
EndProject
Project("{FAE04EC0-301F-11D3-BF4B-00C04F79EFBC}") = "Watcher", "Watcher\Watcher.csproj", "{99F0DE8D-6BE7-4606-A6E6-DF08500AFA2E}"
EndProject
Project("{FAE04EC0-301F-11D3-BF4B-00C04F79EFBC}") = "Installer", "Installer\Installer.csproj", "{36DCCA72-1E7A-4920-A71E-3F0E71A2E362}"
EndProject
Project("{FAE04EC0-301F-11D3-BF4B-00C04F79EFBC}") = "NotesTests", "NotesTests\NotesTests.csproj", "{6B795958-5242-40F4-9256-E5AA0B0F8707}"
EndProject
Global
	GlobalSection(SolutionConfigurationPlatforms) = preSolution
		Debug|Any CPU = Debug|Any CPU
		Release|Any CPU = Release|Any CPU
	EndGlobalSection
	GlobalSection(ProjectConfigurationPlatforms) = postSolution
		{908CE310-266C-40FA-B251-BF9DC8E09761}.Debug|Any CPU.ActiveCfg = Debug|Any CPU
		{908CE310-266C-40FA-B251-BF9DC8E09761}.Debug|Any CPU.Build.0 = Debug|Any CPU
		{908CE310-266C-40FA-B251-BF9DC8E09761}.Release|Any CPU.ActiveCfg = Release|Any CPU
		{908CE310-266C-40FA-B251-BF9DC8E09761}.Release|Any CPU.Build.0 = Release|Any CPU
		{99F0DE8D-6BE7-4606-A6E6-DF08500AFA2E}.Debug|Any CPU.ActiveCfg = Debug|Any CPU
		{99F0DE8D-6BE7-4606-A6E6-DF08500AFA2E}.Debug|Any CPU.Build.0 = Debug|Any CPU
		{99F0DE8D-6BE7-4606-A6E6-DF08500AFA2E}.Release|Any CPU.ActiveCfg = Release|Any CPU
		{99F0DE8D-6BE7-4606-A6E6-DF08500AFA2E}.Release|Any CPU.Build.0 = Release|Any CPU
		{36DCCA72-1E7A-4920-A71E-3F0E71A2E362}.Debug|Any CPU.ActiveCfg = Debug|Any CPU
		{36DCCA72-1E7A-4920-A71E-3F0E71A2E362}.Debug|Any CPU.Build.0 = Debug|Any CPU
		{36DCCA72-1E7A-4920-A71E-3F0E71A2E362}.Release|Any CPU.ActiveCfg = Release|Any CPU
		{36DCCA72-1E7A-4920-A71E-3F0E71A2E362}.Release|Any CPU.Build.0 = Release|Any CPU
		{6B795958-5242-40F4-9256-E5AA0B0F8707}.Debug|Any CPU.ActiveCfg = Debug|Any CPU
		{6B795958-5242-40F4-9256-E5AA0B0F8707}.Debug|Any CPU.Build.0 = Debug|Any CPU
		{6B795958-5242-40F4-9256-E5AA0B0F8707}.Release|Any CPU.ActiveCfg = Release|Any CPU
		{6B795958-5242-40F4-9256-E5AA0B0F8707}.Release|Any CPU.Build.0 = Release|Any CPU
	EndGlobalSection
	GlobalSection(SolutionProperties) = preSolution
		HideSolutionNode = FALSE
	EndGlobalSection
	GlobalSection(ExtensibilityGlobals) = postSolution
		SolutionGuid = {927F4E1E-86F7-457B-BBBD-550B2DF6D1BD}
	EndGlobalSection
EndGlobal
